// !$*UTF8*$!
{
	archiveVersion = 1;
	classes = {
	};
	objectVersion = 55;
	objects = {

/* Begin PBXBuildFile section */
		4A41A84B28DB712A003113A6 /* TopMenuView.swift in Sources */ = {isa = PBXBuildFile; fileRef = 4A41A84A28DB712A003113A6 /* TopMenuView.swift */; };
		4A41A84E28DB7D3A003113A6 /* TopMenuButtonStyle.swift in Sources */ = {isa = PBXBuildFile; fileRef = 4A41A84D28DB7D3A003113A6 /* TopMenuButtonStyle.swift */; };
		4A41A85528DB87FD003113A6 /* TabEnum.swift in Sources */ = {isa = PBXBuildFile; fileRef = 4A41A85428DB87FD003113A6 /* TabEnum.swift */; };
		4A41A85628DB880A003113A6 /* TabEnum.swift in Sources */ = {isa = PBXBuildFile; fileRef = 4A41A85428DB87FD003113A6 /* TabEnum.swift */; };
		4A41A85928DB92A9003113A6 /* HomeView.swift in Sources */ = {isa = PBXBuildFile; fileRef = 4A41A85828DB92A9003113A6 /* HomeView.swift */; };
		4A41A85B28DB9F9B003113A6 /* AppState.swift in Sources */ = {isa = PBXBuildFile; fileRef = 4A41A85A28DB9F9B003113A6 /* AppState.swift */; };
		4AC12C0728C7ABDC001798C6 /* CinemaMoviesApp.swift in Sources */ = {isa = PBXBuildFile; fileRef = 4AC12C0628C7ABDC001798C6 /* CinemaMoviesApp.swift */; };
		4AC12C0928C7ABDC001798C6 /* ContentView.swift in Sources */ = {isa = PBXBuildFile; fileRef = 4AC12C0828C7ABDC001798C6 /* ContentView.swift */; };
		4AC12C0B28C7ABE0001798C6 /* Assets.xcassets in Resources */ = {isa = PBXBuildFile; fileRef = 4AC12C0A28C7ABE0001798C6 /* Assets.xcassets */; };
		4AC12C0E28C7ABE0001798C6 /* Preview Assets.xcassets in Resources */ = {isa = PBXBuildFile; fileRef = 4AC12C0D28C7ABE0001798C6 /* Preview Assets.xcassets */; };
		4AC12C1028C7ABE0001798C6 /* Persistence.swift in Sources */ = {isa = PBXBuildFile; fileRef = 4AC12C0F28C7ABE0001798C6 /* Persistence.swift */; };
		4AC12C1328C7ABE0001798C6 /* CinemaMovies.xcdatamodeld in Sources */ = {isa = PBXBuildFile; fileRef = 4AC12C1128C7ABE0001798C6 /* CinemaMovies.xcdatamodeld */; };
		4AC12C1D28C7B8DF001798C6 /* AppDelegate.swift in Sources */ = {isa = PBXBuildFile; fileRef = 4AC12C1C28C7B8DF001798C6 /* AppDelegate.swift */; };
		4AC12C2728C7C9A6001798C6 /* APIClient.swift in Sources */ = {isa = PBXBuildFile; fileRef = 4AC12C2628C7C9A6001798C6 /* APIClient.swift */; };
		4AC12C2A28C7DD92001798C6 /* NetworkDispatcher.swift in Sources */ = {isa = PBXBuildFile; fileRef = 4AC12C2928C7DD92001798C6 /* NetworkDispatcher.swift */; };
		4AC12C2C28C7DDB1001798C6 /* APIRequest.swift in Sources */ = {isa = PBXBuildFile; fileRef = 4AC12C2B28C7DDB1001798C6 /* APIRequest.swift */; };
		4AC3ECB628D0EB4900C49D3F /* CinemaMoviesTVApp.swift in Sources */ = {isa = PBXBuildFile; fileRef = 4AC3ECB528D0EB4900C49D3F /* CinemaMoviesTVApp.swift */; };
		4AC3ECB828D0EB4900C49D3F /* ContentView.swift in Sources */ = {isa = PBXBuildFile; fileRef = 4AC3ECB728D0EB4900C49D3F /* ContentView.swift */; };
		4AC3ECBA28D0EB4B00C49D3F /* Assets.xcassets in Resources */ = {isa = PBXBuildFile; fileRef = 4AC3ECB928D0EB4B00C49D3F /* Assets.xcassets */; };
		4AC3ECBD28D0EB4B00C49D3F /* Preview Assets.xcassets in Resources */ = {isa = PBXBuildFile; fileRef = 4AC3ECBC28D0EB4B00C49D3F /* Preview Assets.xcassets */; };
		4AC3ECCA28D2336000C49D3F /* Persistence.swift in Sources */ = {isa = PBXBuildFile; fileRef = 4AC12C0F28C7ABE0001798C6 /* Persistence.swift */; };
		4AC3ECCB28D2336500C49D3F /* CinemaMovies.xcdatamodeld in Sources */ = {isa = PBXBuildFile; fileRef = 4AC12C1128C7ABE0001798C6 /* CinemaMovies.xcdatamodeld */; };
		4AC3ECCE28D2339C00C49D3F /* AppDelegate.swift in Sources */ = {isa = PBXBuildFile; fileRef = 4AC3ECCD28D2339C00C49D3F /* AppDelegate.swift */; };
		4ACD50E628DCB6A000610195 /* GridStack.swift in Sources */ = {isa = PBXBuildFile; fileRef = 4ACD50E528DCB6A000610195 /* GridStack.swift */; };
		4ACD50E828DCB6CE00610195 /* CardView.swift in Sources */ = {isa = PBXBuildFile; fileRef = 4ACD50E728DCB6CE00610195 /* CardView.swift */; };
		4ACD50EA28DCB72900610195 /* PressHandlingStyle.swift in Sources */ = {isa = PBXBuildFile; fileRef = 4ACD50E928DCB72900610195 /* PressHandlingStyle.swift */; };
/* End PBXBuildFile section */

/* Begin PBXFileReference section */
		4A41A84A28DB712A003113A6 /* TopMenuView.swift */ = {isa = PBXFileReference; lastKnownFileType = sourcecode.swift; path = TopMenuView.swift; sourceTree = "<group>"; };
		4A41A84D28DB7D3A003113A6 /* TopMenuButtonStyle.swift */ = {isa = PBXFileReference; lastKnownFileType = sourcecode.swift; path = TopMenuButtonStyle.swift; sourceTree = "<group>"; };
		4A41A85428DB87FD003113A6 /* TabEnum.swift */ = {isa = PBXFileReference; lastKnownFileType = sourcecode.swift; path = TabEnum.swift; sourceTree = "<group>"; };
		4A41A85828DB92A9003113A6 /* HomeView.swift */ = {isa = PBXFileReference; lastKnownFileType = sourcecode.swift; path = HomeView.swift; sourceTree = "<group>"; };
		4A41A85A28DB9F9B003113A6 /* AppState.swift */ = {isa = PBXFileReference; lastKnownFileType = sourcecode.swift; path = AppState.swift; sourceTree = "<group>"; };
		4AC12C0328C7ABDC001798C6 /* CinemaMovies.app */ = {isa = PBXFileReference; explicitFileType = wrapper.application; includeInIndex = 0; path = CinemaMovies.app; sourceTree = BUILT_PRODUCTS_DIR; };
		4AC12C0628C7ABDC001798C6 /* CinemaMoviesApp.swift */ = {isa = PBXFileReference; lastKnownFileType = sourcecode.swift; path = CinemaMoviesApp.swift; sourceTree = "<group>"; };
		4AC12C0828C7ABDC001798C6 /* ContentView.swift */ = {isa = PBXFileReference; lastKnownFileType = sourcecode.swift; path = ContentView.swift; sourceTree = "<group>"; };
		4AC12C0A28C7ABE0001798C6 /* Assets.xcassets */ = {isa = PBXFileReference; lastKnownFileType = folder.assetcatalog; path = Assets.xcassets; sourceTree = "<group>"; };
		4AC12C0D28C7ABE0001798C6 /* Preview Assets.xcassets */ = {isa = PBXFileReference; lastKnownFileType = folder.assetcatalog; path = "Preview Assets.xcassets"; sourceTree = "<group>"; };
		4AC12C0F28C7ABE0001798C6 /* Persistence.swift */ = {isa = PBXFileReference; lastKnownFileType = sourcecode.swift; path = Persistence.swift; sourceTree = "<group>"; };
		4AC12C1228C7ABE0001798C6 /* CinemaMovies.xcdatamodel */ = {isa = PBXFileReference; lastKnownFileType = wrapper.xcdatamodel; path = CinemaMovies.xcdatamodel; sourceTree = "<group>"; };
		4AC12C1C28C7B8DF001798C6 /* AppDelegate.swift */ = {isa = PBXFileReference; lastKnownFileType = sourcecode.swift; path = AppDelegate.swift; sourceTree = "<group>"; };
		4AC12C2628C7C9A6001798C6 /* APIClient.swift */ = {isa = PBXFileReference; lastKnownFileType = sourcecode.swift; path = APIClient.swift; sourceTree = "<group>"; };
		4AC12C2928C7DD92001798C6 /* NetworkDispatcher.swift */ = {isa = PBXFileReference; lastKnownFileType = sourcecode.swift; path = NetworkDispatcher.swift; sourceTree = "<group>"; };
		4AC12C2B28C7DDB1001798C6 /* APIRequest.swift */ = {isa = PBXFileReference; lastKnownFileType = sourcecode.swift; path = APIRequest.swift; sourceTree = "<group>"; };
		4AC3ECB328D0EB4900C49D3F /* CinemaMoviesTV.app */ = {isa = PBXFileReference; explicitFileType = wrapper.application; includeInIndex = 0; path = CinemaMoviesTV.app; sourceTree = BUILT_PRODUCTS_DIR; };
		4AC3ECB528D0EB4900C49D3F /* CinemaMoviesTVApp.swift */ = {isa = PBXFileReference; lastKnownFileType = sourcecode.swift; path = CinemaMoviesTVApp.swift; sourceTree = "<group>"; };
		4AC3ECB728D0EB4900C49D3F /* ContentView.swift */ = {isa = PBXFileReference; lastKnownFileType = sourcecode.swift; path = ContentView.swift; sourceTree = "<group>"; };
		4AC3ECB928D0EB4B00C49D3F /* Assets.xcassets */ = {isa = PBXFileReference; lastKnownFileType = folder.assetcatalog; path = Assets.xcassets; sourceTree = "<group>"; };
		4AC3ECBC28D0EB4B00C49D3F /* Preview Assets.xcassets */ = {isa = PBXFileReference; lastKnownFileType = folder.assetcatalog; path = "Preview Assets.xcassets"; sourceTree = "<group>"; };
		4AC3ECCD28D2339C00C49D3F /* AppDelegate.swift */ = {isa = PBXFileReference; lastKnownFileType = sourcecode.swift; path = AppDelegate.swift; sourceTree = "<group>"; };
		4ACD50E528DCB6A000610195 /* GridStack.swift */ = {isa = PBXFileReference; lastKnownFileType = sourcecode.swift; path = GridStack.swift; sourceTree = "<group>"; };
		4ACD50E728DCB6CE00610195 /* CardView.swift */ = {isa = PBXFileReference; lastKnownFileType = sourcecode.swift; path = CardView.swift; sourceTree = "<group>"; };
		4ACD50E928DCB72900610195 /* PressHandlingStyle.swift */ = {isa = PBXFileReference; lastKnownFileType = sourcecode.swift; path = PressHandlingStyle.swift; sourceTree = "<group>"; };
/* End PBXFileReference section */

/* Begin PBXFrameworksBuildPhase section */
		4AC12C0028C7ABDC001798C6 /* Frameworks */ = {
			isa = PBXFrameworksBuildPhase;
			buildActionMask = 2147483647;
			files = (
			);
			runOnlyForDeploymentPostprocessing = 0;
		};
		4AC3ECB028D0EB4900C49D3F /* Frameworks */ = {
			isa = PBXFrameworksBuildPhase;
			buildActionMask = 2147483647;
			files = (
			);
			runOnlyForDeploymentPostprocessing = 0;
		};
/* End PBXFrameworksBuildPhase section */

/* Begin PBXGroup section */
		4A41A84928DB6F69003113A6 /* Auxilary */ = {
			isa = PBXGroup;
			children = (
				4A41A84F28DB7D84003113A6 /* Components */,
				4A41A84C28DB7D27003113A6 /* ButtonStyles */,
			);
			path = Auxilary;
			sourceTree = "<group>";
		};
		4A41A84C28DB7D27003113A6 /* ButtonStyles */ = {
			isa = PBXGroup;
			children = (
				4A41A84D28DB7D3A003113A6 /* TopMenuButtonStyle.swift */,
				4ACD50E928DCB72900610195 /* PressHandlingStyle.swift */,
			);
			path = ButtonStyles;
			sourceTree = "<group>";
		};
		4A41A84F28DB7D84003113A6 /* Components */ = {
			isa = PBXGroup;
			children = (
				4A41A84A28DB712A003113A6 /* TopMenuView.swift */,
				4ACD50E528DCB6A000610195 /* GridStack.swift */,
				4ACD50E728DCB6CE00610195 /* CardView.swift */,
			);
			path = Components;
			sourceTree = "<group>";
		};
		4A41A85128DB87AC003113A6 /* Enums */ = {
			isa = PBXGroup;
			children = (
				4A41A85428DB87FD003113A6 /* TabEnum.swift */,
			);
			path = Enums;
			sourceTree = "<group>";
		};
		4A41A85728DB929B003113A6 /* HomeView */ = {
			isa = PBXGroup;
			children = (
				4A41A85828DB92A9003113A6 /* HomeView.swift */,
			);
			path = HomeView;
			sourceTree = "<group>";
		};
		4AC12BFA28C7ABDC001798C6 = {
			isa = PBXGroup;
			children = (
				4AC12C0528C7ABDC001798C6 /* CinemaMovies */,
				4AC3ECB428D0EB4900C49D3F /* CinemaMoviesTV */,
				4AC3ECC628D2328F00C49D3F /* Shared */,
				4AC12C0428C7ABDC001798C6 /* Products */,
			);
			sourceTree = "<group>";
		};
		4AC12C0428C7ABDC001798C6 /* Products */ = {
			isa = PBXGroup;
			children = (
				4AC12C0328C7ABDC001798C6 /* CinemaMovies.app */,
				4AC3ECB328D0EB4900C49D3F /* CinemaMoviesTV.app */,
			);
			name = Products;
			sourceTree = "<group>";
		};
		4AC12C0528C7ABDC001798C6 /* CinemaMovies */ = {
			isa = PBXGroup;
			children = (
				4AC12C1B28C7B8B2001798C6 /* SupportFiles */,
				4AC12C1A28C7B8AA001798C6 /* Source */,
				4AC12C1928C7B89D001798C6 /* Resources */,
				4AC12C0C28C7ABE0001798C6 /* Preview Content */,
			);
			path = CinemaMovies;
			sourceTree = "<group>";
		};
		4AC12C0C28C7ABE0001798C6 /* Preview Content */ = {
			isa = PBXGroup;
			children = (
				4AC12C0D28C7ABE0001798C6 /* Preview Assets.xcassets */,
			);
			path = "Preview Content";
			sourceTree = "<group>";
		};
		4AC12C1928C7B89D001798C6 /* Resources */ = {
			isa = PBXGroup;
			children = (
				4AC12C0A28C7ABE0001798C6 /* Assets.xcassets */,
			);
			path = Resources;
			sourceTree = "<group>";
		};
		4AC12C1A28C7B8AA001798C6 /* Source */ = {
			isa = PBXGroup;
			children = (
				4AC12C1F28C7B908001798C6 /* Views */,
			);
			path = Source;
			sourceTree = "<group>";
		};
		4AC12C1B28C7B8B2001798C6 /* SupportFiles */ = {
			isa = PBXGroup;
			children = (
				4AC12C0628C7ABDC001798C6 /* CinemaMoviesApp.swift */,
				4AC12C1C28C7B8DF001798C6 /* AppDelegate.swift */,
			);
			path = SupportFiles;
			sourceTree = "<group>";
		};
		4AC12C1E28C7B8FF001798C6 /* CoreData */ = {
			isa = PBXGroup;
			children = (
				4AC12C2428C7B943001798C6 /* Config */,
			);
			path = CoreData;
			sourceTree = "<group>";
		};
		4AC12C1F28C7B908001798C6 /* Views */ = {
			isa = PBXGroup;
			children = (
				4AC12C0828C7ABDC001798C6 /* ContentView.swift */,
			);
			path = Views;
			sourceTree = "<group>";
		};
		4AC12C2028C7B90D001798C6 /* Models */ = {
			isa = PBXGroup;
			children = (
			);
			path = Models;
			sourceTree = "<group>";
		};
		4AC12C2128C7B917001798C6 /* ViewModels */ = {
			isa = PBXGroup;
			children = (
			);
			path = ViewModels;
			sourceTree = "<group>";
		};
		4AC12C2428C7B943001798C6 /* Config */ = {
			isa = PBXGroup;
			children = (
				4AC12C0F28C7ABE0001798C6 /* Persistence.swift */,
				4AC12C1128C7ABE0001798C6 /* CinemaMovies.xcdatamodeld */,
			);
			path = Config;
			sourceTree = "<group>";
		};
		4AC3ECB428D0EB4900C49D3F /* CinemaMoviesTV */ = {
			isa = PBXGroup;
			children = (
				4AC3ECCC28D2337F00C49D3F /* SupportFiles */,
				4AC3ECD028D233B500C49D3F /* Source */,
				4AC3ECCF28D233A200C49D3F /* Resources */,
				4AC3ECBB28D0EB4B00C49D3F /* Preview Content */,
			);
			path = CinemaMoviesTV;
			sourceTree = "<group>";
		};
		4AC3ECBB28D0EB4B00C49D3F /* Preview Content */ = {
			isa = PBXGroup;
			children = (
				4AC3ECBC28D0EB4B00C49D3F /* Preview Assets.xcassets */,
			);
			path = "Preview Content";
			sourceTree = "<group>";
		};
		4AC3ECC628D2328F00C49D3F /* Shared */ = {
			isa = PBXGroup;
			children = (
				4AC3ECC728D232AE00C49D3F /* Source */,
			);
			path = Shared;
			sourceTree = "<group>";
		};
		4AC3ECC728D232AE00C49D3F /* Source */ = {
			isa = PBXGroup;
			children = (
				4A41A85128DB87AC003113A6 /* Enums */,
				4AC3ECC828D232B500C49D3F /* Networking */,
				4AC12C2128C7B917001798C6 /* ViewModels */,
				4AC12C2028C7B90D001798C6 /* Models */,
				4AC12C1E28C7B8FF001798C6 /* CoreData */,
			);
			path = Source;
			sourceTree = "<group>";
		};
		4AC3ECC828D232B500C49D3F /* Networking */ = {
			isa = PBXGroup;
			children = (
				4AC12C2628C7C9A6001798C6 /* APIClient.swift */,
				4AC12C2928C7DD92001798C6 /* NetworkDispatcher.swift */,
				4AC12C2B28C7DDB1001798C6 /* APIRequest.swift */,
			);
			path = Networking;
			sourceTree = "<group>";
		};
		4AC3ECCC28D2337F00C49D3F /* SupportFiles */ = {
			isa = PBXGroup;
			children = (
				4AC3ECB528D0EB4900C49D3F /* CinemaMoviesTVApp.swift */,
				4AC3ECCD28D2339C00C49D3F /* AppDelegate.swift */,
				4A41A85A28DB9F9B003113A6 /* AppState.swift */,
			);
			path = SupportFiles;
			sourceTree = "<group>";
		};
		4AC3ECCF28D233A200C49D3F /* Resources */ = {
			isa = PBXGroup;
			children = (
				4AC3ECB928D0EB4B00C49D3F /* Assets.xcassets */,
			);
			path = Resources;
			sourceTree = "<group>";
		};
		4AC3ECD028D233B500C49D3F /* Source */ = {
			isa = PBXGroup;
			children = (
				4A41A84928DB6F69003113A6 /* Auxilary */,
				4AC3ECD128D233BC00C49D3F /* Views */,
			);
			path = Source;
			sourceTree = "<group>";
		};
		4AC3ECD128D233BC00C49D3F /* Views */ = {
			isa = PBXGroup;
			children = (
				4A41A85728DB929B003113A6 /* HomeView */,
				4AC3ECB728D0EB4900C49D3F /* ContentView.swift */,
			);
			path = Views;
			sourceTree = "<group>";
		};
/* End PBXGroup section */

/* Begin PBXNativeTarget section */
		4AC12C0228C7ABDC001798C6 /* CinemaMovies */ = {
			isa = PBXNativeTarget;
			buildConfigurationList = 4AC12C1628C7ABE0001798C6 /* Build configuration list for PBXNativeTarget "CinemaMovies" */;
			buildPhases = (
				4AC12BFF28C7ABDC001798C6 /* Sources */,
				4AC12C0028C7ABDC001798C6 /* Frameworks */,
				4AC12C0128C7ABDC001798C6 /* Resources */,
			);
			buildRules = (
			);
			dependencies = (
			);
			name = CinemaMovies;
			productName = CinemaMovies;
			productReference = 4AC12C0328C7ABDC001798C6 /* CinemaMovies.app */;
			productType = "com.apple.product-type.application";
		};
		4AC3ECB228D0EB4900C49D3F /* CinemaMoviesTV */ = {
			isa = PBXNativeTarget;
			buildConfigurationList = 4AC3ECC528D0EB4B00C49D3F /* Build configuration list for PBXNativeTarget "CinemaMoviesTV" */;
			buildPhases = (
				4AC3ECAF28D0EB4900C49D3F /* Sources */,
				4AC3ECB028D0EB4900C49D3F /* Frameworks */,
				4AC3ECB128D0EB4900C49D3F /* Resources */,
			);
			buildRules = (
			);
			dependencies = (
			);
			name = CinemaMoviesTV;
			productName = CinemaMoviesTV;
			productReference = 4AC3ECB328D0EB4900C49D3F /* CinemaMoviesTV.app */;
			productType = "com.apple.product-type.application";
		};
/* End PBXNativeTarget section */

/* Begin PBXProject section */
		4AC12BFB28C7ABDC001798C6 /* Project object */ = {
			isa = PBXProject;
			attributes = {
				BuildIndependentTargetsInParallel = 1;
				LastSwiftUpdateCheck = 1330;
				LastUpgradeCheck = 1330;
				TargetAttributes = {
					4AC12C0228C7ABDC001798C6 = {
						CreatedOnToolsVersion = 13.3.1;
					};
					4AC3ECB228D0EB4900C49D3F = {
						CreatedOnToolsVersion = 13.3.1;
					};
				};
			};
			buildConfigurationList = 4AC12BFE28C7ABDC001798C6 /* Build configuration list for PBXProject "CinemaMovies" */;
			compatibilityVersion = "Xcode 13.0";
			developmentRegion = en;
			hasScannedForEncodings = 0;
			knownRegions = (
				en,
				Base,
			);
			mainGroup = 4AC12BFA28C7ABDC001798C6;
			productRefGroup = 4AC12C0428C7ABDC001798C6 /* Products */;
			projectDirPath = "";
			projectRoot = "";
			targets = (
				4AC12C0228C7ABDC001798C6 /* CinemaMovies */,
				4AC3ECB228D0EB4900C49D3F /* CinemaMoviesTV */,
			);
		};
/* End PBXProject section */

/* Begin PBXResourcesBuildPhase section */
		4AC12C0128C7ABDC001798C6 /* Resources */ = {
			isa = PBXResourcesBuildPhase;
			buildActionMask = 2147483647;
			files = (
				4AC12C0E28C7ABE0001798C6 /* Preview Assets.xcassets in Resources */,
				4AC12C0B28C7ABE0001798C6 /* Assets.xcassets in Resources */,
			);
			runOnlyForDeploymentPostprocessing = 0;
		};
		4AC3ECB128D0EB4900C49D3F /* Resources */ = {
			isa = PBXResourcesBuildPhase;
			buildActionMask = 2147483647;
			files = (
				4AC3ECBD28D0EB4B00C49D3F /* Preview Assets.xcassets in Resources */,
				4AC3ECBA28D0EB4B00C49D3F /* Assets.xcassets in Resources */,
			);
			runOnlyForDeploymentPostprocessing = 0;
		};
/* End PBXResourcesBuildPhase section */

/* Begin PBXSourcesBuildPhase section */
		4AC12BFF28C7ABDC001798C6 /* Sources */ = {
			isa = PBXSourcesBuildPhase;
			buildActionMask = 2147483647;
			files = (
				4A41A85528DB87FD003113A6 /* TabEnum.swift in Sources */,
				4AC12C1028C7ABE0001798C6 /* Persistence.swift in Sources */,
				4AC12C1328C7ABE0001798C6 /* CinemaMovies.xcdatamodeld in Sources */,
				4AC12C0928C7ABDC001798C6 /* ContentView.swift in Sources */,
				4AC12C2A28C7DD92001798C6 /* NetworkDispatcher.swift in Sources */,
				4AC12C2728C7C9A6001798C6 /* APIClient.swift in Sources */,
				4AC12C1D28C7B8DF001798C6 /* AppDelegate.swift in Sources */,
				4AC12C2C28C7DDB1001798C6 /* APIRequest.swift in Sources */,
				4AC12C0728C7ABDC001798C6 /* CinemaMoviesApp.swift in Sources */,
			);
			runOnlyForDeploymentPostprocessing = 0;
		};
		4AC3ECAF28D0EB4900C49D3F /* Sources */ = {
			isa = PBXSourcesBuildPhase;
			buildActionMask = 2147483647;
			files = (
				4A41A85928DB92A9003113A6 /* HomeView.swift in Sources */,
				4A41A85B28DB9F9B003113A6 /* AppState.swift in Sources */,
				4AC3ECB828D0EB4900C49D3F /* ContentView.swift in Sources */,
				4AC3ECB628D0EB4900C49D3F /* CinemaMoviesTVApp.swift in Sources */,
				4AC3ECCA28D2336000C49D3F /* Persistence.swift in Sources */,
				4A41A84E28DB7D3A003113A6 /* TopMenuButtonStyle.swift in Sources */,
				4ACD50E628DCB6A000610195 /* GridStack.swift in Sources */,
				4A41A85628DB880A003113A6 /* TabEnum.swift in Sources */,
				4A41A84B28DB712A003113A6 /* TopMenuView.swift in Sources */,
				4ACD50EA28DCB72900610195 /* PressHandlingStyle.swift in Sources */,
				4AC3ECCE28D2339C00C49D3F /* AppDelegate.swift in Sources */,
				4ACD50E828DCB6CE00610195 /* CardView.swift in Sources */,
				4AC3ECCB28D2336500C49D3F /* CinemaMovies.xcdatamodeld in Sources */,
			);
			runOnlyForDeploymentPostprocessing = 0;
		};
/* End PBXSourcesBuildPhase section */

/* Begin XCBuildConfiguration section */
		4AC12C1428C7ABE0001798C6 /* Debug */ = {
			isa = XCBuildConfiguration;
			buildSettings = {
				ALWAYS_SEARCH_USER_PATHS = NO;
				CLANG_ANALYZER_NONNULL = YES;
				CLANG_ANALYZER_NUMBER_OBJECT_CONVERSION = YES_AGGRESSIVE;
				CLANG_CXX_LANGUAGE_STANDARD = "gnu++17";
				CLANG_ENABLE_MODULES = YES;
				CLANG_ENABLE_OBJC_ARC = YES;
				CLANG_ENABLE_OBJC_WEAK = YES;
				CLANG_WARN_BLOCK_CAPTURE_AUTORELEASING = YES;
				CLANG_WARN_BOOL_CONVERSION = YES;
				CLANG_WARN_COMMA = YES;
				CLANG_WARN_CONSTANT_CONVERSION = YES;
				CLANG_WARN_DEPRECATED_OBJC_IMPLEMENTATIONS = YES;
				CLANG_WARN_DIRECT_OBJC_ISA_USAGE = YES_ERROR;
				CLANG_WARN_DOCUMENTATION_COMMENTS = YES;
				CLANG_WARN_EMPTY_BODY = YES;
				CLANG_WARN_ENUM_CONVERSION = YES;
				CLANG_WARN_INFINITE_RECURSION = YES;
				CLANG_WARN_INT_CONVERSION = YES;
				CLANG_WARN_NON_LITERAL_NULL_CONVERSION = YES;
				CLANG_WARN_OBJC_IMPLICIT_RETAIN_SELF = YES;
				CLANG_WARN_OBJC_LITERAL_CONVERSION = YES;
				CLANG_WARN_OBJC_ROOT_CLASS = YES_ERROR;
				CLANG_WARN_QUOTED_INCLUDE_IN_FRAMEWORK_HEADER = YES;
				CLANG_WARN_RANGE_LOOP_ANALYSIS = YES;
				CLANG_WARN_STRICT_PROTOTYPES = YES;
				CLANG_WARN_SUSPICIOUS_MOVE = YES;
				CLANG_WARN_UNGUARDED_AVAILABILITY = YES_AGGRESSIVE;
				CLANG_WARN_UNREACHABLE_CODE = YES;
				CLANG_WARN__DUPLICATE_METHOD_MATCH = YES;
				COPY_PHASE_STRIP = NO;
				DEBUG_INFORMATION_FORMAT = dwarf;
				ENABLE_STRICT_OBJC_MSGSEND = YES;
				ENABLE_TESTABILITY = YES;
				GCC_C_LANGUAGE_STANDARD = gnu11;
				GCC_DYNAMIC_NO_PIC = NO;
				GCC_NO_COMMON_BLOCKS = YES;
				GCC_OPTIMIZATION_LEVEL = 0;
				GCC_PREPROCESSOR_DEFINITIONS = (
					"DEBUG=1",
					"$(inherited)",
				);
				GCC_WARN_64_TO_32_BIT_CONVERSION = YES;
				GCC_WARN_ABOUT_RETURN_TYPE = YES_ERROR;
				GCC_WARN_UNDECLARED_SELECTOR = YES;
				GCC_WARN_UNINITIALIZED_AUTOS = YES_AGGRESSIVE;
				GCC_WARN_UNUSED_FUNCTION = YES;
				GCC_WARN_UNUSED_VARIABLE = YES;
				IPHONEOS_DEPLOYMENT_TARGET = 15.4;
				MTL_ENABLE_DEBUG_INFO = INCLUDE_SOURCE;
				MTL_FAST_MATH = YES;
				ONLY_ACTIVE_ARCH = YES;
				SDKROOT = iphoneos;
				SWIFT_ACTIVE_COMPILATION_CONDITIONS = DEBUG;
				SWIFT_OPTIMIZATION_LEVEL = "-Onone";
			};
			name = Debug;
		};
		4AC12C1528C7ABE0001798C6 /* Release */ = {
			isa = XCBuildConfiguration;
			buildSettings = {
				ALWAYS_SEARCH_USER_PATHS = NO;
				CLANG_ANALYZER_NONNULL = YES;
				CLANG_ANALYZER_NUMBER_OBJECT_CONVERSION = YES_AGGRESSIVE;
				CLANG_CXX_LANGUAGE_STANDARD = "gnu++17";
				CLANG_ENABLE_MODULES = YES;
				CLANG_ENABLE_OBJC_ARC = YES;
				CLANG_ENABLE_OBJC_WEAK = YES;
				CLANG_WARN_BLOCK_CAPTURE_AUTORELEASING = YES;
				CLANG_WARN_BOOL_CONVERSION = YES;
				CLANG_WARN_COMMA = YES;
				CLANG_WARN_CONSTANT_CONVERSION = YES;
				CLANG_WARN_DEPRECATED_OBJC_IMPLEMENTATIONS = YES;
				CLANG_WARN_DIRECT_OBJC_ISA_USAGE = YES_ERROR;
				CLANG_WARN_DOCUMENTATION_COMMENTS = YES;
				CLANG_WARN_EMPTY_BODY = YES;
				CLANG_WARN_ENUM_CONVERSION = YES;
				CLANG_WARN_INFINITE_RECURSION = YES;
				CLANG_WARN_INT_CONVERSION = YES;
				CLANG_WARN_NON_LITERAL_NULL_CONVERSION = YES;
				CLANG_WARN_OBJC_IMPLICIT_RETAIN_SELF = YES;
				CLANG_WARN_OBJC_LITERAL_CONVERSION = YES;
				CLANG_WARN_OBJC_ROOT_CLASS = YES_ERROR;
				CLANG_WARN_QUOTED_INCLUDE_IN_FRAMEWORK_HEADER = YES;
				CLANG_WARN_RANGE_LOOP_ANALYSIS = YES;
				CLANG_WARN_STRICT_PROTOTYPES = YES;
				CLANG_WARN_SUSPICIOUS_MOVE = YES;
				CLANG_WARN_UNGUARDED_AVAILABILITY = YES_AGGRESSIVE;
				CLANG_WARN_UNREACHABLE_CODE = YES;
				CLANG_WARN__DUPLICATE_METHOD_MATCH = YES;
				COPY_PHASE_STRIP = NO;
				DEBUG_INFORMATION_FORMAT = "dwarf-with-dsym";
				ENABLE_NS_ASSERTIONS = NO;
				ENABLE_STRICT_OBJC_MSGSEND = YES;
				GCC_C_LANGUAGE_STANDARD = gnu11;
				GCC_NO_COMMON_BLOCKS = YES;
				GCC_WARN_64_TO_32_BIT_CONVERSION = YES;
				GCC_WARN_ABOUT_RETURN_TYPE = YES_ERROR;
				GCC_WARN_UNDECLARED_SELECTOR = YES;
				GCC_WARN_UNINITIALIZED_AUTOS = YES_AGGRESSIVE;
				GCC_WARN_UNUSED_FUNCTION = YES;
				GCC_WARN_UNUSED_VARIABLE = YES;
				IPHONEOS_DEPLOYMENT_TARGET = 15.4;
				MTL_ENABLE_DEBUG_INFO = NO;
				MTL_FAST_MATH = YES;
				SDKROOT = iphoneos;
				SWIFT_COMPILATION_MODE = wholemodule;
				SWIFT_OPTIMIZATION_LEVEL = "-O";
				VALIDATE_PRODUCT = YES;
			};
			name = Release;
		};
		4AC12C1728C7ABE0001798C6 /* Debug */ = {
			isa = XCBuildConfiguration;
			buildSettings = {
				ASSETCATALOG_COMPILER_APPICON_NAME = AppIcon;
				ASSETCATALOG_COMPILER_GLOBAL_ACCENT_COLOR_NAME = AccentColor;
				CODE_SIGN_STYLE = Automatic;
				CURRENT_PROJECT_VERSION = 1;
				DEVELOPMENT_ASSET_PATHS = "\"CinemaMovies/Preview Content\"";
				DEVELOPMENT_TEAM = CSBYK47A2R;
				ENABLE_PREVIEWS = YES;
				GENERATE_INFOPLIST_FILE = YES;
				INFOPLIST_KEY_UIApplicationSceneManifest_Generation = YES;
				INFOPLIST_KEY_UIApplicationSupportsIndirectInputEvents = YES;
				INFOPLIST_KEY_UILaunchScreen_Generation = YES;
				INFOPLIST_KEY_UISupportedInterfaceOrientations_iPad = "UIInterfaceOrientationPortrait UIInterfaceOrientationPortraitUpsideDown UIInterfaceOrientationLandscapeLeft UIInterfaceOrientationLandscapeRight";
				INFOPLIST_KEY_UISupportedInterfaceOrientations_iPhone = "UIInterfaceOrientationPortrait UIInterfaceOrientationLandscapeLeft UIInterfaceOrientationLandscapeRight";
				LD_RUNPATH_SEARCH_PATHS = (
					"$(inherited)",
					"@executable_path/Frameworks",
				);
				MARKETING_VERSION = 1.0;
				PRODUCT_BUNDLE_IDENTIFIER = com.danore.CinemaMovies;
				PRODUCT_NAME = "$(TARGET_NAME)";
				SWIFT_EMIT_LOC_STRINGS = YES;
				SWIFT_VERSION = 5.0;
				TARGETED_DEVICE_FAMILY = "1,2";
			};
			name = Debug;
		};
		4AC12C1828C7ABE0001798C6 /* Release */ = {
			isa = XCBuildConfiguration;
			buildSettings = {
				ASSETCATALOG_COMPILER_APPICON_NAME = AppIcon;
				ASSETCATALOG_COMPILER_GLOBAL_ACCENT_COLOR_NAME = AccentColor;
				CODE_SIGN_STYLE = Automatic;
				CURRENT_PROJECT_VERSION = 1;
				DEVELOPMENT_ASSET_PATHS = "\"CinemaMovies/Preview Content\"";
				DEVELOPMENT_TEAM = CSBYK47A2R;
				ENABLE_PREVIEWS = YES;
				GENERATE_INFOPLIST_FILE = YES;
				INFOPLIST_KEY_UIApplicationSceneManifest_Generation = YES;
				INFOPLIST_KEY_UIApplicationSupportsIndirectInputEvents = YES;
				INFOPLIST_KEY_UILaunchScreen_Generation = YES;
				INFOPLIST_KEY_UISupportedInterfaceOrientations_iPad = "UIInterfaceOrientationPortrait UIInterfaceOrientationPortraitUpsideDown UIInterfaceOrientationLandscapeLeft UIInterfaceOrientationLandscapeRight";
				INFOPLIST_KEY_UISupportedInterfaceOrientations_iPhone = "UIInterfaceOrientationPortrait UIInterfaceOrientationLandscapeLeft UIInterfaceOrientationLandscapeRight";
				LD_RUNPATH_SEARCH_PATHS = (
					"$(inherited)",
					"@executable_path/Frameworks",
				);
				MARKETING_VERSION = 1.0;
				PRODUCT_BUNDLE_IDENTIFIER = com.danore.CinemaMovies;
				PRODUCT_NAME = "$(TARGET_NAME)";
				SWIFT_EMIT_LOC_STRINGS = YES;
				SWIFT_VERSION = 5.0;
				TARGETED_DEVICE_FAMILY = "1,2";
			};
			name = Release;
		};
		4AC3ECC328D0EB4B00C49D3F /* Debug */ = {
			isa = XCBuildConfiguration;
			buildSettings = {
				ASSETCATALOG_COMPILER_APPICON_NAME = "App Icon & Top Shelf Image";
				ASSETCATALOG_COMPILER_GLOBAL_ACCENT_COLOR_NAME = AccentColor;
				CODE_SIGN_STYLE = Automatic;
				CURRENT_PROJECT_VERSION = 1;
				DEVELOPMENT_ASSET_PATHS = "\"CinemaMoviesTV/Preview Content\"";
				DEVELOPMENT_TEAM = CSBYK47A2R;
				ENABLE_PREVIEWS = YES;
				GENERATE_INFOPLIST_FILE = YES;
				INFOPLIST_KEY_UILaunchScreen_Generation = YES;
				INFOPLIST_KEY_UIUserInterfaceStyle = Automatic;
				LD_RUNPATH_SEARCH_PATHS = (
					"$(inherited)",
					"@executable_path/Frameworks",
				);
				MARKETING_VERSION = 1.0;
				PRODUCT_BUNDLE_IDENTIFIER = com.danore.CinemaMoviesTV;
				PRODUCT_NAME = "$(TARGET_NAME)";
				SDKROOT = appletvos;
				SWIFT_EMIT_LOC_STRINGS = YES;
				SWIFT_VERSION = 5.0;
				TARGETED_DEVICE_FAMILY = 3;
				TVOS_DEPLOYMENT_TARGET = 15.4;
			};
			name = Debug;
		};
		4AC3ECC428D0EB4B00C49D3F /* Release */ = {
			isa = XCBuildConfiguration;
			buildSettings = {
				ASSETCATALOG_COMPILER_APPICON_NAME = "App Icon & Top Shelf Image";
				ASSETCATALOG_COMPILER_GLOBAL_ACCENT_COLOR_NAME = AccentColor;
				CODE_SIGN_STYLE = Automatic;
				CURRENT_PROJECT_VERSION = 1;
				DEVELOPMENT_ASSET_PATHS = "\"CinemaMoviesTV/Preview Content\"";
				DEVELOPMENT_TEAM = CSBYK47A2R;
				ENABLE_PREVIEWS = YES;
				GENERATE_INFOPLIST_FILE = YES;
				INFOPLIST_KEY_UILaunchScreen_Generation = YES;
				INFOPLIST_KEY_UIUserInterfaceStyle = Automatic;
				LD_RUNPATH_SEARCH_PATHS = (
					"$(inherited)",
					"@executable_path/Frameworks",
				);
				MARKETING_VERSION = 1.0;
				PRODUCT_BUNDLE_IDENTIFIER = com.danore.CinemaMoviesTV;
				PRODUCT_NAME = "$(TARGET_NAME)";
				SDKROOT = appletvos;
				SWIFT_EMIT_LOC_STRINGS = YES;
				SWIFT_VERSION = 5.0;
				TARGETED_DEVICE_FAMILY = 3;
				TVOS_DEPLOYMENT_TARGET = 15.4;
			};
			name = Release;
		};
/* End XCBuildConfiguration section */

/* Begin XCConfigurationList section */
		4AC12BFE28C7ABDC001798C6 /* Build configuration list for PBXProject "CinemaMovies" */ = {
			isa = XCConfigurationList;
			buildConfigurations = (
				4AC12C1428C7ABE0001798C6 /* Debug */,
				4AC12C1528C7ABE0001798C6 /* Release */,
			);
			defaultConfigurationIsVisible = 0;
			defaultConfigurationName = Release;
		};
		4AC12C1628C7ABE0001798C6 /* Build configuration list for PBXNativeTarget "CinemaMovies" */ = {
			isa = XCConfigurationList;
			buildConfigurations = (
				4AC12C1728C7ABE0001798C6 /* Debug */,
				4AC12C1828C7ABE0001798C6 /* Release */,
			);
			defaultConfigurationIsVisible = 0;
			defaultConfigurationName = Release;
		};
		4AC3ECC528D0EB4B00C49D3F /* Build configuration list for PBXNativeTarget "CinemaMoviesTV" */ = {
			isa = XCConfigurationList;
			buildConfigurations = (
				4AC3ECC328D0EB4B00C49D3F /* Debug */,
				4AC3ECC428D0EB4B00C49D3F /* Release */,
			);
			defaultConfigurationIsVisible = 0;
			defaultConfigurationName = Release;
		};
/* End XCConfigurationList section */

/* Begin XCVersionGroup section */
		4AC12C1128C7ABE0001798C6 /* CinemaMovies.xcdatamodeld */ = {
			isa = XCVersionGroup;
			children = (
				4AC12C1228C7ABE0001798C6 /* CinemaMovies.xcdatamodel */,
			);
			currentVersion = 4AC12C1228C7ABE0001798C6 /* CinemaMovies.xcdatamodel */;
			path = CinemaMovies.xcdatamodeld;
			sourceTree = "<group>";
			versionGroupType = wrapper.xcdatamodel;
		};
/* End XCVersionGroup section */
	};
	rootObject = 4AC12BFB28C7ABDC001798C6 /* Project object */;
}
